
Microsoft Visual Studio Solution File, Format Version 12.00
# Visual Studio Version 16
VisualStudioVersion = 16.0.29613.14
MinimumVisualStudioVersion = 10.0.40219.1
Project("{9A19103F-16F7-4668-BE54-9A1E7A4F7556}") = "Api", "Auth\Api.csproj", "{A71AAE82-2657-4259-BA0F-28B3919769E9}"
EndProject
Project("{2150E333-8FDC-42A3-9474-1A3956D46DE8}") = "Src", "Src", "{DB201F5B-5E60-4F1F-9D53-59D5BDD0F70F}"
EndProject
Project("{2150E333-8FDC-42A3-9474-1A3956D46DE8}") = "Tests", "Tests", "{90751689-640C-42DB-BB18-55F42D83F58C}"
EndProject
Project("{9A19103F-16F7-4668-BE54-9A1E7A4F7556}") = "Domain", "Domain\Domain.csproj", "{3323A4E1-74B6-4149-80E3-A73AF3000F29}"
EndProject
Project("{9A19103F-16F7-4668-BE54-9A1E7A4F7556}") = "Infrastructure", "Infrastructure\Infrastructure.csproj", "{EEA5AD95-46CC-4015-8A1C-DD41E5B9F163}"
EndProject
Project("{9A19103F-16F7-4668-BE54-9A1E7A4F7556}") = "Application", "Application\Application.csproj", "{27F72AE8-6E07-472C-90CB-63F90007FF5E}"
EndProject
Project("{FAE04EC0-301F-11D3-BF4B-00C04F79EFBC}") = "Api.Unit.Tests", "Api.Unit.Tests\Api.Unit.Tests.csproj", "{03D206AF-A06B-49C8-9FA6-B3861BC17F59}"
EndProject
Global
	GlobalSection(SolutionConfigurationPlatforms) = preSolution
		Debug|Any CPU = Debug|Any CPU
		Release|Any CPU = Release|Any CPU
	EndGlobalSection
	GlobalSection(ProjectConfigurationPlatforms) = postSolution
		{A71AAE82-2657-4259-BA0F-28B3919769E9}.Debug|Any CPU.ActiveCfg = Debug|Any CPU
		{A71AAE82-2657-4259-BA0F-28B3919769E9}.Debug|Any CPU.Build.0 = Debug|Any CPU
		{A71AAE82-2657-4259-BA0F-28B3919769E9}.Release|Any CPU.ActiveCfg = Release|Any CPU
		{A71AAE82-2657-4259-BA0F-28B3919769E9}.Release|Any CPU.Build.0 = Release|Any CPU
		{3323A4E1-74B6-4149-80E3-A73AF3000F29}.Debug|Any CPU.ActiveCfg = Debug|Any CPU
		{3323A4E1-74B6-4149-80E3-A73AF3000F29}.Debug|Any CPU.Build.0 = Debug|Any CPU
		{3323A4E1-74B6-4149-80E3-A73AF3000F29}.Release|Any CPU.ActiveCfg = Release|Any CPU
		{3323A4E1-74B6-4149-80E3-A73AF3000F29}.Release|Any CPU.Build.0 = Release|Any CPU
		{EEA5AD95-46CC-4015-8A1C-DD41E5B9F163}.Debug|Any CPU.ActiveCfg = Debug|Any CPU
		{EEA5AD95-46CC-4015-8A1C-DD41E5B9F163}.Debug|Any CPU.Build.0 = Debug|Any CPU
		{EEA5AD95-46CC-4015-8A1C-DD41E5B9F163}.Release|Any CPU.ActiveCfg = Release|Any CPU
		{EEA5AD95-46CC-4015-8A1C-DD41E5B9F163}.Release|Any CPU.Build.0 = Release|Any CPU
		{27F72AE8-6E07-472C-90CB-63F90007FF5E}.Debug|Any CPU.ActiveCfg = Debug|Any CPU
		{27F72AE8-6E07-472C-90CB-63F90007FF5E}.Debug|Any CPU.Build.0 = Debug|Any CPU
		{27F72AE8-6E07-472C-90CB-63F90007FF5E}.Release|Any CPU.ActiveCfg = Release|Any CPU
		{27F72AE8-6E07-472C-90CB-63F90007FF5E}.Release|Any CPU.Build.0 = Release|Any CPU
		{03D206AF-A06B-49C8-9FA6-B3861BC17F59}.Debug|Any CPU.ActiveCfg = Debug|Any CPU
		{03D206AF-A06B-49C8-9FA6-B3861BC17F59}.Debug|Any CPU.Build.0 = Debug|Any CPU
		{03D206AF-A06B-49C8-9FA6-B3861BC17F59}.Release|Any CPU.ActiveCfg = Release|Any CPU
		{03D206AF-A06B-49C8-9FA6-B3861BC17F59}.Release|Any CPU.Build.0 = Release|Any CPU
	EndGlobalSection
	GlobalSection(SolutionProperties) = preSolution
		HideSolutionNode = FALSE
	EndGlobalSection
	GlobalSection(NestedProjects) = preSolution
		{A71AAE82-2657-4259-BA0F-28B3919769E9} = {DB201F5B-5E60-4F1F-9D53-59D5BDD0F70F}
		{3323A4E1-74B6-4149-80E3-A73AF3000F29} = {DB201F5B-5E60-4F1F-9D53-59D5BDD0F70F}
		{EEA5AD95-46CC-4015-8A1C-DD41E5B9F163} = {DB201F5B-5E60-4F1F-9D53-59D5BDD0F70F}
		{27F72AE8-6E07-472C-90CB-63F90007FF5E} = {DB201F5B-5E60-4F1F-9D53-59D5BDD0F70F}
		{03D206AF-A06B-49C8-9FA6-B3861BC17F59} = {90751689-640C-42DB-BB18-55F42D83F58C}
	EndGlobalSection
	GlobalSection(ExtensibilityGlobals) = postSolution
		SolutionGuid = {9FBE8079-A725-4F4A-9412-6DFC1DA329FE}
	EndGlobalSection
EndGlobal
